// !$*UTF8*$!
{
	archiveVersion = 1;
	classes = {
	};
	objectVersion = 77;
	objects = {

/* Begin PBXBuildFile section */
		FFBCB5E02ED4A29600C4B848 /* README.md in Sources */ = {isa = PBXBuildFile; fileRef = FFBCB5DF2ED4A29200C4B848 /* README.md */; };
		FFC2936E2ED6FDA9009B46EB /* AppState.swift in Sources */ = {isa = PBXBuildFile; fileRef = FFC2936D2ED6FDA9009B46EB /* AppState.swift */; };
/* End PBXBuildFile section */

/* Begin PBXContainerItemProxy section */
		FFBCB5992ED49DBA00C4B848 /* PBXContainerItemProxy */ = {
			isa = PBXContainerItemProxy;
			containerPortal = FFBCB5832ED49DB900C4B848 /* Project object */;
			proxyType = 1;
			remoteGlobalIDString = FFBCB58A2ED49DB900C4B848;
			remoteInfo = Sinclo;
		};
		FFBCB5A32ED49DBA00C4B848 /* PBXContainerItemProxy */ = {
			isa = PBXContainerItemProxy;
			containerPortal = FFBCB5832ED49DB900C4B848 /* Project object */;
			proxyType = 1;
			remoteGlobalIDString = FFBCB58A2ED49DB900C4B848;
			remoteInfo = Sinclo;
		};
/* End PBXContainerItemProxy section */

/* Begin PBXFileReference section */
		FF4D10FC2ED4A7A900EC4A1A /* Sinclo.app */ = {isa = PBXFileReference; explicitFileType = wrapper.application; includeInIndex = 0; path = Sinclo.app; sourceTree = BUILT_PRODUCTS_DIR; };
		FF4D10FD2ED4A7A900EC4A1A /* SincloTests.xctest */ = {isa = PBXFileReference; explicitFileType = wrapper.cfbundle; includeInIndex = 0; path = SincloTests.xctest; sourceTree = BUILT_PRODUCTS_DIR; };
		FF4D10FE2ED4A7A900EC4A1A /* SincloUITests.xctest */ = {isa = PBXFileReference; explicitFileType = wrapper.cfbundle; includeInIndex = 0; path = SincloUITests.xctest; sourceTree = BUILT_PRODUCTS_DIR; };
		FFBCB5DF2ED4A29200C4B848 /* README.md */ = {isa = PBXFileReference; lastKnownFileType = net.daringfireball.markdown; path = README.md; sourceTree = "<group>"; };
		FFC2936D2ED6FDA9009B46EB /* AppState.swift */ = {isa = PBXFileReference; lastKnownFileType = sourcecode.swift; path = AppState.swift; sourceTree = "<group>"; };
/* End PBXFileReference section */

/* Begin PBXFileSystemSynchronizedBuildFileExceptionSet section */
		FFC293812ED70D21009B46EB /* Exceptions for "Sinclo" folder in "Sinclo" target */ = {
			isa = PBXFileSystemSynchronizedBuildFileExceptionSet;
			membershipExceptions = (
				Core/.swift,
			);
			target = FFBCB58A2ED49DB900C4B848 /* Sinclo */;
		};
/* End PBXFileSystemSynchronizedBuildFileExceptionSet section */

/* Begin PBXFileSystemSynchronizedGroupBuildPhaseMembershipExceptionSet section */
		FFC293822ED70D21009B46EB /* Exceptions for "Sinclo" folder in "Compile Sources" phase from "Sinclo" target */ = {
			isa = PBXFileSystemSynchronizedGroupBuildPhaseMembershipExceptionSet;
			buildPhase = FFBCB5872ED49DB900C4B848 /* Sources */;
			membershipExceptions = (
				Core/.swift,
			);
		};
/* End PBXFileSystemSynchronizedGroupBuildPhaseMembershipExceptionSet section */

/* Begin PBXFileSystemSynchronizedRootGroup section */
		FFBCB58D2ED49DB900C4B848 /* Sinclo */ = {
			isa = PBXFileSystemSynchronizedRootGroup;
			exceptions = (
				FFC293812ED70D21009B46EB /* Exceptions for "Sinclo" folder in "Sinclo" target */,
				FFC293822ED70D21009B46EB /* Exceptions for "Sinclo" folder in "Compile Sources" phase from "Sinclo" target */,
			);
			path = Sinclo;
			sourceTree = "<group>";
		};
		FFBCB5DB2ED4A26D00C4B848 /* scripts */ = {
			isa = PBXFileSystemSynchronizedRootGroup;
			path = scripts;
			sourceTree = "<group>";
		};
/* End PBXFileSystemSynchronizedRootGroup section */

/* Begin PBXFrameworksBuildPhase section */
		FFBCB5882ED49DB900C4B848 /* Frameworks */ = {
			isa = PBXFrameworksBuildPhase;
			buildActionMask = 2147483647;
			files = (
			);
			runOnlyForDeploymentPostprocessing = 0;
		};
		FFBCB5952ED49DBA00C4B848 /* Frameworks */ = {
			isa = PBXFrameworksBuildPhase;
			buildActionMask = 2147483647;
			files = (
			);
			runOnlyForDeploymentPostprocessing = 0;
		};
		FFBCB59F2ED49DBA00C4B848 /* Frameworks */ = {
			isa = PBXFrameworksBuildPhase;
			buildActionMask = 2147483647;
			files = (
			);
			runOnlyForDeploymentPostprocessing = 0;
		};
/* End PBXFrameworksBuildPhase section */

/* Begin PBXGroup section */
		FFBCB5822ED49DB900C4B848 = {
			isa = PBXGroup;
			children = (
				FFBCB58D2ED49DB900C4B848 /* Sinclo */,
				FFBCB5DB2ED4A26D00C4B848 /* scripts */,
				FFBCB5DF2ED4A29200C4B848 /* README.md */,
				FF4D10FC2ED4A7A900EC4A1A /* Sinclo.app */,
				FF4D10FD2ED4A7A900EC4A1A /* SincloTests.xctest */,
				FF4D10FE2ED4A7A900EC4A1A /* SincloUITests.xctest */,
				FFC2936D2ED6FDA9009B46EB /* AppState.swift */,
			);
			sourceTree = "<group>";
		};
/* End PBXGroup section */

/* Begin PBXNativeTarget section */
		FFBCB58A2ED49DB900C4B848 /* Sinclo */ = {
			isa = PBXNativeTarget;
			buildConfigurationList = FFBCB5AC2ED49DBA00C4B848 /* Build configuration list for PBXNativeTarget "Sinclo" */;
			buildPhases = (
				FFBCB5872ED49DB900C4B848 /* Sources */,
				FFBCB5882ED49DB900C4B848 /* Frameworks */,
				FFBCB5892ED49DB900C4B848 /* Resources */,
			);
			buildRules = (
			);
			dependencies = (
			);
			fileSystemSynchronizedGroups = (
				FFBCB58D2ED49DB900C4B848 /* Sinclo */,
				FFBCB5DB2ED4A26D00C4B848 /* scripts */,
			);
			name = Sinclo;
			packageProductDependencies = (
			);
			productName = Sinclo;
			productReference = FF4D10FC2ED4A7A900EC4A1A /* Sinclo.app */;
			productType = "com.apple.product-type.application";
		};
		FFBCB5972ED49DBA00C4B848 /* SincloTests */ = {
			isa = PBXNativeTarget;
			buildConfigurationList = FFBCB5AF2ED49DBA00C4B848 /* Build configuration list for PBXNativeTarget "SincloTests" */;
			buildPhases = (
				FFBCB5942ED49DBA00C4B848 /* Sources */,
				FFBCB5952ED49DBA00C4B848 /* Frameworks */,
				FFBCB5962ED49DBA00C4B848 /* Resources */,
			);
			buildRules = (
			);
			dependencies = (
				FFBCB59A2ED49DBA00C4B848 /* PBXTargetDependency */,
			);
			name = SincloTests;
			packageProductDependencies = (
			);
			productName = SincloTests;
			productReference = FF4D10FD2ED4A7A900EC4A1A /* SincloTests.xctest */;
			productType = "com.apple.product-type.bundle.unit-test";
		};
		FFBCB5A12ED49DBA00C4B848 /* SincloUITests */ = {
			isa = PBXNativeTarget;
			buildConfigurationList = FFBCB5B22ED49DBA00C4B848 /* Build configuration list for PBXNativeTarget "SincloUITests" */;
			buildPhases = (
				FFBCB59E2ED49DBA00C4B848 /* Sources */,
				FFBCB59F2ED49DBA00C4B848 /* Frameworks */,
				FFBCB5A02ED49DBA00C4B848 /* Resources */,
			);
			buildRules = (
			);
			dependencies = (
				FFBCB5A42ED49DBA00C4B848 /* PBXTargetDependency */,
			);
			name = SincloUITests;
			packageProductDependencies = (
			);
			productName = SincloUITests;
			productReference = FF4D10FE2ED4A7A900EC4A1A /* SincloUITests.xctest */;
			productType = "com.apple.product-type.bundle.ui-testing";
		};
/* End PBXNativeTarget section */

/* Begin PBXProject section */
		FFBCB5832ED49DB900C4B848 /* Project object */ = {
			isa = PBXProject;
			attributes = {
				BuildIndependentTargetsInParallel = 1;
				LastSwiftUpdateCheck = 2610;
				LastUpgradeCheck = 2610;
				TargetAttributes = {
					FFBCB58A2ED49DB900C4B848 = {
						CreatedOnToolsVersion = 26.1.1;
					};
					FFBCB5972ED49DBA00C4B848 = {
						CreatedOnToolsVersion = 26.1.1;
						TestTargetID = FFBCB58A2ED49DB900C4B848;
					};
					FFBCB5A12ED49DBA00C4B848 = {
						CreatedOnToolsVersion = 26.1.1;
						TestTargetID = FFBCB58A2ED49DB900C4B848;
					};
				};
			};
			buildConfigurationList = FFBCB5862ED49DB900C4B848 /* Build configuration list for PBXProject "Sinclo" */;
			developmentRegion = en;
			hasScannedForEncodings = 0;
			knownRegions = (
				en,
				Base,
			);
			mainGroup = FFBCB5822ED49DB900C4B848;
			minimizedProjectReferenceProxies = 1;
			preferredProjectObjectVersion = 77;
			productRefGroup = FFBCB5822ED49DB900C4B848;
			projectDirPath = "";
			projectRoot = "";
			targets = (
				FFBCB58A2ED49DB900C4B848 /* Sinclo */,
				FFBCB5972ED49DBA00C4B848 /* SincloTests */,
				FFBCB5A12ED49DBA00C4B848 /* SincloUITests */,
			);
		};
/* End PBXProject section */

/* Begin PBXResourcesBuildPhase section */
		FFBCB5892ED49DB900C4B848 /* Resources */ = {
			isa = PBXResourcesBuildPhase;
			buildActionMask = 2147483647;
			files = (
			);
			runOnlyForDeploymentPostprocessing = 0;
		};
		FFBCB5962ED49DBA00C4B848 /* Resources */ = {
			isa = PBXResourcesBuildPhase;
			buildActionMask = 2147483647;
			files = (
			);
			runOnlyForDeploymentPostprocessing = 0;
		};
		FFBCB5A02ED49DBA00C4B848 /* Resources */ = {
			isa = PBXResourcesBuildPhase;
			buildActionMask = 2147483647;
			files = (
			);
			runOnlyForDeploymentPostprocessing = 0;
		};
/* End PBXResourcesBuildPhase section */

/* Begin PBXSourcesBuildPhase section */
		FFBCB5872ED49DB900C4B848 /* Sources */ = {
			isa = PBXSourcesBuildPhase;
			buildActionMask = 2147483647;
			files = (
				FFBCB5E02ED4A29600C4B848 /* README.md in Sources */,
				FFC2936E2ED6FDA9009B46EB /* AppState.swift in Sources */,
			);
			runOnlyForDeploymentPostprocessing = 0;
		};
		FFBCB5942ED49DBA00C4B848 /* Sources */ = {
			isa = PBXSourcesBuildPhase;
			buildActionMask = 2147483647;
			files = (
			);
			runOnlyForDeploymentPostprocessing = 0;
		};
		FFBCB59E2ED49DBA00C4B848 /* Sources */ = {
			isa = PBXSourcesBuildPhase;
			buildActionMask = 2147483647;
			files = (
			);
			runOnlyForDeploymentPostprocessing = 0;
		};
/* End PBXSourcesBuildPhase section */

/* Begin PBXTargetDependency section */
		FFBCB59A2ED49DBA00C4B848 /* PBXTargetDependency */ = {
			isa = PBXTargetDependency;
			target = FFBCB58A2ED49DB900C4B848 /* Sinclo */;
			targetProxy = FFBCB5992ED49DBA00C4B848 /* PBXContainerItemProxy */;
		};
		FFBCB5A42ED49DBA00C4B848 /* PBXTargetDependency */ = {
			isa = PBXTargetDependency;
			target = FFBCB58A2ED49DB900C4B848 /* Sinclo */;
			targetProxy = FFBCB5A32ED49DBA00C4B848 /* PBXContainerItemProxy */;
		};
/* End PBXTargetDependency section */

/* Begin XCBuildConfiguration section */
		FFBCB5AA2ED49DBA00C4B848 /* Debug */ = {
			isa = XCBuildConfiguration;
			buildSettings = {
				ALWAYS_SEARCH_USER_PATHS = NO;
				ASSETCATALOG_COMPILER_GENERATE_SWIFT_ASSET_SYMBOL_EXTENSIONS = YES;
				CLANG_ANALYZER_NONNULL = YES;
				CLANG_ANALYZER_NUMBER_OBJECT_CONVERSION = YES_AGGRESSIVE;
				CLANG_CXX_LANGUAGE_STANDARD = "gnu++20";
				CLANG_ENABLE_MODULES = YES;
				CLANG_ENABLE_OBJC_ARC = YES;
				CLANG_ENABLE_OBJC_WEAK = YES;
				CLANG_WARN_BLOCK_CAPTURE_AUTORELEASING = YES;
				CLANG_WARN_BOOL_CONVERSION = YES;
				CLANG_WARN_COMMA = YES;
				CLANG_WARN_CONSTANT_CONVERSION = YES;
				CLANG_WARN_DEPRECATED_OBJC_IMPLEMENTATIONS = YES;
				CLANG_WARN_DIRECT_OBJC_ISA_USAGE = YES_ERROR;
				CLANG_WARN_DOCUMENTATION_COMMENTS = YES;
				CLANG_WARN_EMPTY_BODY = YES;
				CLANG_WARN_ENUM_CONVERSION = YES;
				CLANG_WARN_INFINITE_RECURSION = YES;
				CLANG_WARN_INT_CONVERSION = YES;
				CLANG_WARN_NON_LITERAL_NULL_CONVERSION = YES;
				CLANG_WARN_OBJC_IMPLICIT_RETAIN_SELF = YES;
				CLANG_WARN_OBJC_LITERAL_CONVERSION = YES;
				CLANG_WARN_OBJC_ROOT_CLASS = YES_ERROR;
				CLANG_WARN_QUOTED_INCLUDE_IN_FRAMEWORK_HEADER = YES;
				CLANG_WARN_RANGE_LOOP_ANALYSIS = YES;
				CLANG_WARN_STRICT_PROTOTYPES = YES;
				CLANG_WARN_SUSPICIOUS_MOVE = YES;
				CLANG_WARN_UNGUARDED_AVAILABILITY = YES_AGGRESSIVE;
				CLANG_WARN_UNREACHABLE_CODE = YES;
				CLANG_WARN__DUPLICATE_METHOD_MATCH = YES;
				COPY_PHASE_STRIP = NO;
				DEBUG_INFORMATION_FORMAT = dwarf;
				ENABLE_STRICT_OBJC_MSGSEND = YES;
				ENABLE_TESTABILITY = YES;
				ENABLE_USER_SCRIPT_SANDBOXING = YES;
				GCC_C_LANGUAGE_STANDARD = gnu17;
				GCC_DYNAMIC_NO_PIC = NO;
				GCC_NO_COMMON_BLOCKS = YES;
				GCC_OPTIMIZATION_LEVEL = 0;
				GCC_PREPROCESSOR_DEFINITIONS = (
					"DEBUG=1",
					"$(inherited)",
				);
				GCC_WARN_64_TO_32_BIT_CONVERSION = YES;
				GCC_WARN_ABOUT_RETURN_TYPE = YES_ERROR;
				GCC_WARN_UNDECLARED_SELECTOR = YES;
				GCC_WARN_UNINITIALIZED_AUTOS = YES_AGGRESSIVE;
				GCC_WARN_UNUSED_FUNCTION = YES;
				GCC_WARN_UNUSED_VARIABLE = YES;
				LOCALIZATION_PREFERS_STRING_CATALOGS = YES;
				MACOSX_DEPLOYMENT_TARGET = 26.1;
				MTL_ENABLE_DEBUG_INFO = INCLUDE_SOURCE;
				MTL_FAST_MATH = YES;
				ONLY_ACTIVE_ARCH = YES;
				SDKROOT = macosx;
				SWIFT_ACTIVE_COMPILATION_CONDITIONS = "DEBUG $(inherited)";
				SWIFT_OPTIMIZATION_LEVEL = "-Onone";
			};
			name = Debug;
		};
		FFBCB5AB2ED49DBA00C4B848 /* Release */ = {
			isa = XCBuildConfiguration;
			buildSettings = {
				ALWAYS_SEARCH_USER_PATHS = NO;
				ASSETCATALOG_COMPILER_GENERATE_SWIFT_ASSET_SYMBOL_EXTENSIONS = YES;
				CLANG_ANALYZER_NONNULL = YES;
				CLANG_ANALYZER_NUMBER_OBJECT_CONVERSION = YES_AGGRESSIVE;
				CLANG_CXX_LANGUAGE_STANDARD = "gnu++20";
				CLANG_ENABLE_MODULES = YES;
				CLANG_ENABLE_OBJC_ARC = YES;
				CLANG_ENABLE_OBJC_WEAK = YES;
				CLANG_WARN_BLOCK_CAPTURE_AUTORELEASING = YES;
				CLANG_WARN_BOOL_CONVERSION = YES;
				CLANG_WARN_COMMA = YES;
				CLANG_WARN_CONSTANT_CONVERSION = YES;
				CLANG_WARN_DEPRECATED_OBJC_IMPLEMENTATIONS = YES;
				CLANG_WARN_DIRECT_OBJC_ISA_USAGE = YES_ERROR;
				CLANG_WARN_DOCUMENTATION_COMMENTS = YES;
				CLANG_WARN_EMPTY_BODY = YES;
				CLANG_WARN_ENUM_CONVERSION = YES;
				CLANG_WARN_INFINITE_RECURSION = YES;
				CLANG_WARN_INT_CONVERSION = YES;
				CLANG_WARN_NON_LITERAL_NULL_CONVERSION = YES;
				CLANG_WARN_OBJC_IMPLICIT_RETAIN_SELF = YES;
				CLANG_WARN_OBJC_LITERAL_CONVERSION = YES;
				CLANG_WARN_OBJC_ROOT_CLASS = YES_ERROR;
				CLANG_WARN_QUOTED_INCLUDE_IN_FRAMEWORK_HEADER = YES;
				CLANG_WARN_RANGE_LOOP_ANALYSIS = YES;
				CLANG_WARN_STRICT_PROTOTYPES = YES;
				CLANG_WARN_SUSPICIOUS_MOVE = YES;
				CLANG_WARN_UNGUARDED_AVAILABILITY = YES_AGGRESSIVE;
				CLANG_WARN_UNREACHABLE_CODE = YES;
				CLANG_WARN__DUPLICATE_METHOD_MATCH = YES;
				COPY_PHASE_STRIP = NO;
				DEBUG_INFORMATION_FORMAT = "dwarf-with-dsym";
				ENABLE_NS_ASSERTIONS = NO;
				ENABLE_STRICT_OBJC_MSGSEND = YES;
				ENABLE_USER_SCRIPT_SANDBOXING = YES;
				GCC_C_LANGUAGE_STANDARD = gnu17;
				GCC_NO_COMMON_BLOCKS = YES;
				GCC_WARN_64_TO_32_BIT_CONVERSION = YES;
				GCC_WARN_ABOUT_RETURN_TYPE = YES_ERROR;
				GCC_WARN_UNDECLARED_SELECTOR = YES;
				GCC_WARN_UNINITIALIZED_AUTOS = YES_AGGRESSIVE;
				GCC_WARN_UNUSED_FUNCTION = YES;
				GCC_WARN_UNUSED_VARIABLE = YES;
				LOCALIZATION_PREFERS_STRING_CATALOGS = YES;
				MACOSX_DEPLOYMENT_TARGET = 26.1;
				MTL_ENABLE_DEBUG_INFO = NO;
				MTL_FAST_MATH = YES;
				SDKROOT = macosx;
				SWIFT_COMPILATION_MODE = wholemodule;
			};
			name = Release;
		};
		FFBCB5AD2ED49DBA00C4B848 /* Debug */ = {
			isa = XCBuildConfiguration;
			buildSettings = {
				ASSETCATALOG_COMPILER_APPICON_NAME = AppIcon;
				ASSETCATALOG_COMPILER_GLOBAL_ACCENT_COLOR_NAME = AccentColor;
				CODE_SIGN_ENTITLEMENTS = Sinclo/Sinclo.entitlements;
				"CODE_SIGN_IDENTITY[sdk=macosx*]" = "Apple Development";
				CODE_SIGN_STYLE = Automatic;
				COMBINE_HIDPI_IMAGES = YES;
				CURRENT_PROJECT_VERSION = 1;
				DEVELOPMENT_TEAM = L84VC34VHP;
				ENABLE_APP_SANDBOX = NO;
				ENABLE_PREVIEWS = YES;
				GENERATE_INFOPLIST_FILE = YES;
				INFOPLIST_KEY_NSHumanReadableCopyright = "";
				LD_RUNPATH_SEARCH_PATHS = (
					"$(inherited)",
					"@executable_path/../Frameworks",
				);
				MACOSX_DEPLOYMENT_TARGET = 13.5;
				MARKETING_VERSION = 1.0;
				PRODUCT_BUNDLE_IDENTIFIER = com.rafael.sinclo;
				PRODUCT_NAME = "$(TARGET_NAME)";
				REGISTER_APP_GROUPS = YES;
				STRING_CATALOG_GENERATE_SYMBOLS = YES;
				SWIFT_APPROACHABLE_CONCURRENCY = YES;
				SWIFT_DEFAULT_ACTOR_ISOLATION = MainActor;
				SWIFT_EMIT_LOC_STRINGS = YES;
				SWIFT_UPCOMING_FEATURE_MEMBER_IMPORT_VISIBILITY = YES;
				SWIFT_VERSION = 5.0;
			};
			name = Debug;
		};
		FFBCB5AE2ED49DBA00C4B848 /* Release */ = {
			isa = XCBuildConfiguration;
			buildSettings = {
				ASSETCATALOG_COMPILER_APPICON_NAME = AppIcon;
				ASSETCATALOG_COMPILER_GLOBAL_ACCENT_COLOR_NAME = AccentColor;
				CODE_SIGN_ENTITLEMENTS = Sinclo/Sinclo.entitlements;
				"CODE_SIGN_IDENTITY[sdk=macosx*]" = "Apple Development";
				CODE_SIGN_STYLE = Automatic;
				COMBINE_HIDPI_IMAGES = YES;
				CURRENT_PROJECT_VERSION = 1;
				DEVELOPMENT_TEAM = L84VC34VHP;
				ENABLE_APP_SANDBOX = NO;
				ENABLE_PREVIEWS = YES;
				GENERATE_INFOPLIST_FILE = YES;
				INFOPLIST_KEY_NSHumanReadableCopyright = "";
				LD_RUNPATH_SEARCH_PATHS = (
					"$(inherited)",
					"@executable_path/../Frameworks",
				);
				MACOSX_DEPLOYMENT_TARGET = 13.5;
				MARKETING_VERSION = 1.0;
				PRODUCT_BUNDLE_IDENTIFIER = com.rafael.sinclo;
				PRODUCT_NAME = "$(TARGET_NAME)";
				REGISTER_APP_GROUPS = YES;
				STRING_CATALOG_GENERATE_SYMBOLS = YES;
				SWIFT_APPROACHABLE_CONCURRENCY = YES;
				SWIFT_DEFAULT_ACTOR_ISOLATION = MainActor;
				SWIFT_EMIT_LOC_STRINGS = YES;
				SWIFT_UPCOMING_FEATURE_MEMBER_IMPORT_VISIBILITY = YES;
				SWIFT_VERSION = 5.0;
			};
			name = Release;
		};
		FFBCB5B02ED49DBA00C4B848 /* Debug */ = {
			isa = XCBuildConfiguration;
			buildSettings = {
				BUNDLE_LOADER = "$(TEST_HOST)";
				CODE_SIGN_STYLE = Automatic;
				CURRENT_PROJECT_VERSION = 1;
				GENERATE_INFOPLIST_FILE = YES;
				MACOSX_DEPLOYMENT_TARGET = 26.1;
				MARKETING_VERSION = 1.0;
				PRODUCT_BUNDLE_IDENTIFIER = Rafael.SincloTests;
				PRODUCT_NAME = "$(TARGET_NAME)";
				STRING_CATALOG_GENERATE_SYMBOLS = NO;
				SWIFT_APPROACHABLE_CONCURRENCY = YES;
				SWIFT_EMIT_LOC_STRINGS = NO;
				SWIFT_UPCOMING_FEATURE_MEMBER_IMPORT_VISIBILITY = YES;
				SWIFT_VERSION = 5.0;
				TEST_HOST = "$(BUILT_PRODUCTS_DIR)/Sinclo.app/$(BUNDLE_EXECUTABLE_FOLDER_PATH)/Sinclo";
			};
			name = Debug;
		};
		FFBCB5B12ED49DBA00C4B848 /* Release */ = {
			isa = XCBuildConfiguration;
			buildSettings = {
				BUNDLE_LOADER = "$(TEST_HOST)";
				CODE_SIGN_STYLE = Automatic;
				CURRENT_PROJECT_VERSION = 1;
				GENERATE_INFOPLIST_FILE = YES;
				MACOSX_DEPLOYMENT_TARGET = 26.1;
				MARKETING_VERSION = 1.0;
				PRODUCT_BUNDLE_IDENTIFIER = Rafael.SincloTests;
				PRODUCT_NAME = "$(TARGET_NAME)";
				STRING_CATALOG_GENERATE_SYMBOLS = NO;
				SWIFT_APPROACHABLE_CONCURRENCY = YES;
				SWIFT_EMIT_LOC_STRINGS = NO;
				SWIFT_UPCOMING_FEATURE_MEMBER_IMPORT_VISIBILITY = YES;
				SWIFT_VERSION = 5.0;
				TEST_HOST = "$(BUILT_PRODUCTS_DIR)/Sinclo.app/$(BUNDLE_EXECUTABLE_FOLDER_PATH)/Sinclo";
			};
			name = Release;
		};
		FFBCB5B32ED49DBA00C4B848 /* Debug */ = {
			isa = XCBuildConfiguration;
			buildSettings = {
				CODE_SIGN_STYLE = Automatic;
				CURRENT_PROJECT_VERSION = 1;
				GENERATE_INFOPLIST_FILE = YES;
				MARKETING_VERSION = 1.0;
				PRODUCT_BUNDLE_IDENTIFIER = Rafael.SincloUITests;
				PRODUCT_NAME = "$(TARGET_NAME)";
				STRING_CATALOG_GENERATE_SYMBOLS = NO;
				SWIFT_APPROACHABLE_CONCURRENCY = YES;
				SWIFT_EMIT_LOC_STRINGS = NO;
				SWIFT_UPCOMING_FEATURE_MEMBER_IMPORT_VISIBILITY = YES;
				SWIFT_VERSION = 5.0;
				TEST_TARGET_NAME = Sinclo;
			};
			name = Debug;
		};
		FFBCB5B42ED49DBA00C4B848 /* Release */ = {
			isa = XCBuildConfiguration;
			buildSettings = {
				CODE_SIGN_STYLE = Automatic;
				CURRENT_PROJECT_VERSION = 1;
				GENERATE_INFOPLIST_FILE = YES;
				MARKETING_VERSION = 1.0;
				PRODUCT_BUNDLE_IDENTIFIER = Rafael.SincloUITests;
				PRODUCT_NAME = "$(TARGET_NAME)";
				STRING_CATALOG_GENERATE_SYMBOLS = NO;
				SWIFT_APPROACHABLE_CONCURRENCY = YES;
				SWIFT_EMIT_LOC_STRINGS = NO;
				SWIFT_UPCOMING_FEATURE_MEMBER_IMPORT_VISIBILITY = YES;
				SWIFT_VERSION = 5.0;
				TEST_TARGET_NAME = Sinclo;
			};
			name = Release;
		};
/* End XCBuildConfiguration section */

/* Begin XCConfigurationList section */
		FFBCB5862ED49DB900C4B848 /* Build configuration list for PBXProject "Sinclo" */ = {
			isa = XCConfigurationList;
			buildConfigurations = (
				FFBCB5AA2ED49DBA00C4B848 /* Debug */,
				FFBCB5AB2ED49DBA00C4B848 /* Release */,
			);
			defaultConfigurationIsVisible = 0;
			defaultConfigurationName = Release;
		};
		FFBCB5AC2ED49DBA00C4B848 /* Build configuration list for PBXNativeTarget "Sinclo" */ = {
			isa = XCConfigurationList;
			buildConfigurations = (
				FFBCB5AD2ED49DBA00C4B848 /* Debug */,
				FFBCB5AE2ED49DBA00C4B848 /* Release */,
			);
			defaultConfigurationIsVisible = 0;
			defaultConfigurationName = Release;
		};
		FFBCB5AF2ED49DBA00C4B848 /* Build configuration list for PBXNativeTarget "SincloTests" */ = {
			isa = XCConfigurationList;
			buildConfigurations = (
				FFBCB5B02ED49DBA00C4B848 /* Debug */,
				FFBCB5B12ED49DBA00C4B848 /* Release */,
			);
			defaultConfigurationIsVisible = 0;
			defaultConfigurationName = Release;
		};
		FFBCB5B22ED49DBA00C4B848 /* Build configuration list for PBXNativeTarget "SincloUITests" */ = {
			isa = XCConfigurationList;
			buildConfigurations = (
				FFBCB5B32ED49DBA00C4B848 /* Debug */,
				FFBCB5B42ED49DBA00C4B848 /* Release */,
			);
			defaultConfigurationIsVisible = 0;
			defaultConfigurationName = Release;
		};
/* End XCConfigurationList section */
	};
	rootObject = FFBCB5832ED49DB900C4B848 /* Project object */;
}
